// !$*UTF8*$!
{
	archiveVersion = 1;
	classes = {
	};
	objectVersion = 56;
	objects = {

/* Begin PBXBuildFile section */
		8BFD106A2C11ADB5009DE574 /* AppDelegate.swift in Sources */ = {isa = PBXBuildFile; fileRef = 8BFD10692C11ADB5009DE574 /* AppDelegate.swift */; };
		8BFD106C2C11ADB5009DE574 /* SceneDelegate.swift in Sources */ = {isa = PBXBuildFile; fileRef = 8BFD106B2C11ADB5009DE574 /* SceneDelegate.swift */; };
		8BFD106E2C11ADB5009DE574 /* ViewController.swift in Sources */ = {isa = PBXBuildFile; fileRef = 8BFD106D2C11ADB5009DE574 /* ViewController.swift */; };
		8BFD10712C11ADB5009DE574 /* Base in Resources */ = {isa = PBXBuildFile; fileRef = 8BFD10702C11ADB5009DE574 /* Base */; };
		8BFD10732C11ADB7009DE574 /* Assets.xcassets in Resources */ = {isa = PBXBuildFile; fileRef = 8BFD10722C11ADB7009DE574 /* Assets.xcassets */; };
		8BFD10762C11ADB7009DE574 /* Base in Resources */ = {isa = PBXBuildFile; fileRef = 8BFD10752C11ADB7009DE574 /* Base */; };
		8BFD10812C11ADB7009DE574 /* nuvolarTests.swift in Sources */ = {isa = PBXBuildFile; fileRef = 8BFD10802C11ADB7009DE574 /* nuvolarTests.swift */; };
		8BFD108B2C11ADB7009DE574 /* nuvolarUITests.swift in Sources */ = {isa = PBXBuildFile; fileRef = 8BFD108A2C11ADB7009DE574 /* nuvolarUITests.swift */; };
		8BFD108D2C11ADB7009DE574 /* nuvolarUITestsLaunchTests.swift in Sources */ = {isa = PBXBuildFile; fileRef = 8BFD108C2C11ADB7009DE574 /* nuvolarUITestsLaunchTests.swift */; };
/* End PBXBuildFile section */

/* Begin PBXContainerItemProxy section */
		8BFD107D2C11ADB7009DE574 /* PBXContainerItemProxy */ = {
			isa = PBXContainerItemProxy;
			containerPortal = 8BFD105E2C11ADB5009DE574 /* Project object */;
			proxyType = 1;
			remoteGlobalIDString = 8BFD10652C11ADB5009DE574;
			remoteInfo = nuvolar;
		};
		8BFD10872C11ADB7009DE574 /* PBXContainerItemProxy */ = {
			isa = PBXContainerItemProxy;
			containerPortal = 8BFD105E2C11ADB5009DE574 /* Project object */;
			proxyType = 1;
			remoteGlobalIDString = 8BFD10652C11ADB5009DE574;
			remoteInfo = nuvolar;
		};
/* End PBXContainerItemProxy section */

/* Begin PBXFileReference section */
		8BFD10662C11ADB5009DE574 /* nuvolar.app */ = {isa = PBXFileReference; explicitFileType = wrapper.application; includeInIndex = 0; path = nuvolar.app; sourceTree = BUILT_PRODUCTS_DIR; };
		8BFD10692C11ADB5009DE574 /* AppDelegate.swift */ = {isa = PBXFileReference; lastKnownFileType = sourcecode.swift; path = AppDelegate.swift; sourceTree = "<group>"; };
		8BFD106B2C11ADB5009DE574 /* SceneDelegate.swift */ = {isa = PBXFileReference; lastKnownFileType = sourcecode.swift; path = SceneDelegate.swift; sourceTree = "<group>"; };
		8BFD106D2C11ADB5009DE574 /* ViewController.swift */ = {isa = PBXFileReference; lastKnownFileType = sourcecode.swift; path = ViewController.swift; sourceTree = "<group>"; };
		8BFD10702C11ADB5009DE574 /* Base */ = {isa = PBXFileReference; lastKnownFileType = file.storyboard; name = Base; path = Base.lproj/Main.storyboard; sourceTree = "<group>"; };
		8BFD10722C11ADB7009DE574 /* Assets.xcassets */ = {isa = PBXFileReference; lastKnownFileType = folder.assetcatalog; path = Assets.xcassets; sourceTree = "<group>"; };
		8BFD10752C11ADB7009DE574 /* Base */ = {isa = PBXFileReference; lastKnownFileType = file.storyboard; name = Base; path = Base.lproj/LaunchScreen.storyboard; sourceTree = "<group>"; };
		8BFD10772C11ADB7009DE574 /* Info.plist */ = {isa = PBXFileReference; lastKnownFileType = text.plist.xml; path = Info.plist; sourceTree = "<group>"; };
		8BFD107C2C11ADB7009DE574 /* nuvolarTests.xctest */ = {isa = PBXFileReference; explicitFileType = wrapper.cfbundle; includeInIndex = 0; path = nuvolarTests.xctest; sourceTree = BUILT_PRODUCTS_DIR; };
		8BFD10802C11ADB7009DE574 /* nuvolarTests.swift */ = {isa = PBXFileReference; lastKnownFileType = sourcecode.swift; path = nuvolarTests.swift; sourceTree = "<group>"; };
		8BFD10862C11ADB7009DE574 /* nuvolarUITests.xctest */ = {isa = PBXFileReference; explicitFileType = wrapper.cfbundle; includeInIndex = 0; path = nuvolarUITests.xctest; sourceTree = BUILT_PRODUCTS_DIR; };
		8BFD108A2C11ADB7009DE574 /* nuvolarUITests.swift */ = {isa = PBXFileReference; lastKnownFileType = sourcecode.swift; path = nuvolarUITests.swift; sourceTree = "<group>"; };
		8BFD108C2C11ADB7009DE574 /* nuvolarUITestsLaunchTests.swift */ = {isa = PBXFileReference; lastKnownFileType = sourcecode.swift; path = nuvolarUITestsLaunchTests.swift; sourceTree = "<group>"; };
/* End PBXFileReference section */

/* Begin PBXFrameworksBuildPhase section */
		8BFD10632C11ADB5009DE574 /* Frameworks */ = {
			isa = PBXFrameworksBuildPhase;
			buildActionMask = 2147483647;
			files = (
			);
			runOnlyForDeploymentPostprocessing = 0;
		};
		8BFD10792C11ADB7009DE574 /* Frameworks */ = {
			isa = PBXFrameworksBuildPhase;
			buildActionMask = 2147483647;
			files = (
			);
			runOnlyForDeploymentPostprocessing = 0;
		};
		8BFD10832C11ADB7009DE574 /* Frameworks */ = {
			isa = PBXFrameworksBuildPhase;
			buildActionMask = 2147483647;
			files = (
			);
			runOnlyForDeploymentPostprocessing = 0;
		};
/* End PBXFrameworksBuildPhase section */

/* Begin PBXGroup section */
		8BFD105D2C11ADB5009DE574 = {
			isa = PBXGroup;
			children = (
				8BFD10682C11ADB5009DE574 /* nuvolar */,
				8BFD107F2C11ADB7009DE574 /* nuvolarTests */,
				8BFD10892C11ADB7009DE574 /* nuvolarUITests */,
				8BFD10672C11ADB5009DE574 /* Products */,
			);
			sourceTree = "<group>";
		};
		8BFD10672C11ADB5009DE574 /* Products */ = {
			isa = PBXGroup;
			children = (
				8BFD10662C11ADB5009DE574 /* nuvolar.app */,
				8BFD107C2C11ADB7009DE574 /* nuvolarTests.xctest */,
				8BFD10862C11ADB7009DE574 /* nuvolarUITests.xctest */,
			);
			name = Products;
			sourceTree = "<group>";
		};
		8BFD10682C11ADB5009DE574 /* nuvolar */ = {
			isa = PBXGroup;
			children = (
				8BFD10692C11ADB5009DE574 /* AppDelegate.swift */,
				8BFD106B2C11ADB5009DE574 /* SceneDelegate.swift */,
				8BFD106D2C11ADB5009DE574 /* ViewController.swift */,
				8BFD106F2C11ADB5009DE574 /* Main.storyboard */,
				8BFD10722C11ADB7009DE574 /* Assets.xcassets */,
				8BFD10742C11ADB7009DE574 /* LaunchScreen.storyboard */,
				8BFD10772C11ADB7009DE574 /* Info.plist */,
			);
			path = nuvolar;
			sourceTree = "<group>";
		};
		8BFD107F2C11ADB7009DE574 /* nuvolarTests */ = {
			isa = PBXGroup;
			children = (
				8BFD10802C11ADB7009DE574 /* nuvolarTests.swift */,
			);
			path = nuvolarTests;
			sourceTree = "<group>";
		};
		8BFD10892C11ADB7009DE574 /* nuvolarUITests */ = {
			isa = PBXGroup;
			children = (
				8BFD108A2C11ADB7009DE574 /* nuvolarUITests.swift */,
				8BFD108C2C11ADB7009DE574 /* nuvolarUITestsLaunchTests.swift */,
			);
			path = nuvolarUITests;
			sourceTree = "<group>";
		};
/* End PBXGroup section */

/* Begin PBXNativeTarget section */
		8BFD10652C11ADB5009DE574 /* nuvolar */ = {
			isa = PBXNativeTarget;
			buildConfigurationList = 8BFD10902C11ADB7009DE574 /* Build configuration list for PBXNativeTarget "nuvolar" */;
			buildPhases = (
				8BFD10622C11ADB5009DE574 /* Sources */,
				8BFD10632C11ADB5009DE574 /* Frameworks */,
				8BFD10642C11ADB5009DE574 /* Resources */,
			);
			buildRules = (
			);
			dependencies = (
			);
			name = nuvolar;
			productName = nuvolar;
			productReference = 8BFD10662C11ADB5009DE574 /* nuvolar.app */;
			productType = "com.apple.product-type.application";
		};
		8BFD107B2C11ADB7009DE574 /* nuvolarTests */ = {
			isa = PBXNativeTarget;
			buildConfigurationList = 8BFD10932C11ADB7009DE574 /* Build configuration list for PBXNativeTarget "nuvolarTests" */;
			buildPhases = (
				8BFD10782C11ADB7009DE574 /* Sources */,
				8BFD10792C11ADB7009DE574 /* Frameworks */,
				8BFD107A2C11ADB7009DE574 /* Resources */,
			);
			buildRules = (
			);
			dependencies = (
				8BFD107E2C11ADB7009DE574 /* PBXTargetDependency */,
			);
			name = nuvolarTests;
			productName = nuvolarTests;
			productReference = 8BFD107C2C11ADB7009DE574 /* nuvolarTests.xctest */;
			productType = "com.apple.product-type.bundle.unit-test";
		};
		8BFD10852C11ADB7009DE574 /* nuvolarUITests */ = {
			isa = PBXNativeTarget;
			buildConfigurationList = 8BFD10962C11ADB7009DE574 /* Build configuration list for PBXNativeTarget "nuvolarUITests" */;
			buildPhases = (
				8BFD10822C11ADB7009DE574 /* Sources */,
				8BFD10832C11ADB7009DE574 /* Frameworks */,
				8BFD10842C11ADB7009DE574 /* Resources */,
			);
			buildRules = (
			);
			dependencies = (
				8BFD10882C11ADB7009DE574 /* PBXTargetDependency */,
			);
			name = nuvolarUITests;
			productName = nuvolarUITests;
			productReference = 8BFD10862C11ADB7009DE574 /* nuvolarUITests.xctest */;
			productType = "com.apple.product-type.bundle.ui-testing";
		};
/* End PBXNativeTarget section */

/* Begin PBXProject section */
		8BFD105E2C11ADB5009DE574 /* Project object */ = {
			isa = PBXProject;
			attributes = {
				BuildIndependentTargetsInParallel = 1;
				LastSwiftUpdateCheck = 1530;
				LastUpgradeCheck = 1530;
				TargetAttributes = {
					8BFD10652C11ADB5009DE574 = {
						CreatedOnToolsVersion = 15.3;
					};
					8BFD107B2C11ADB7009DE574 = {
						CreatedOnToolsVersion = 15.3;
						TestTargetID = 8BFD10652C11ADB5009DE574;
					};
					8BFD10852C11ADB7009DE574 = {
						CreatedOnToolsVersion = 15.3;
						TestTargetID = 8BFD10652C11ADB5009DE574;
					};
				};
			};
			buildConfigurationList = 8BFD10612C11ADB5009DE574 /* Build configuration list for PBXProject "nuvolar" */;
			compatibilityVersion = "Xcode 14.0";
			developmentRegion = en;
			hasScannedForEncodings = 0;
			knownRegions = (
				en,
				Base,
			);
			mainGroup = 8BFD105D2C11ADB5009DE574;
			productRefGroup = 8BFD10672C11ADB5009DE574 /* Products */;
			projectDirPath = "";
			projectRoot = "";
			targets = (
				8BFD10652C11ADB5009DE574 /* nuvolar */,
				8BFD107B2C11ADB7009DE574 /* nuvolarTests */,
				8BFD10852C11ADB7009DE574 /* nuvolarUITests */,
			);
		};
/* End PBXProject section */

/* Begin PBXResourcesBuildPhase section */
		8BFD10642C11ADB5009DE574 /* Resources */ = {
			isa = PBXResourcesBuildPhase;
			buildActionMask = 2147483647;
			files = (
				8BFD10732C11ADB7009DE574 /* Assets.xcassets in Resources */,
				8BFD10762C11ADB7009DE574 /* Base in Resources */,
				8BFD10712C11ADB5009DE574 /* Base in Resources */,
			);
			runOnlyForDeploymentPostprocessing = 0;
		};
		8BFD107A2C11ADB7009DE574 /* Resources */ = {
			isa = PBXResourcesBuildPhase;
			buildActionMask = 2147483647;
			files = (
			);
			runOnlyForDeploymentPostprocessing = 0;
		};
		8BFD10842C11ADB7009DE574 /* Resources */ = {
			isa = PBXResourcesBuildPhase;
			buildActionMask = 2147483647;
			files = (
			);
			runOnlyForDeploymentPostprocessing = 0;
		};
/* End PBXResourcesBuildPhase section */

/* Begin PBXSourcesBuildPhase section */
		8BFD10622C11ADB5009DE574 /* Sources */ = {
			isa = PBXSourcesBuildPhase;
			buildActionMask = 2147483647;
			files = (
				8BFD106E2C11ADB5009DE574 /* ViewController.swift in Sources */,
				8BFD106A2C11ADB5009DE574 /* AppDelegate.swift in Sources */,
				8BFD106C2C11ADB5009DE574 /* SceneDelegate.swift in Sources */,
			);
			runOnlyForDeploymentPostprocessing = 0;
		};
		8BFD10782C11ADB7009DE574 /* Sources */ = {
			isa = PBXSourcesBuildPhase;
			buildActionMask = 2147483647;
			files = (
				8BFD10812C11ADB7009DE574 /* nuvolarTests.swift in Sources */,
			);
			runOnlyForDeploymentPostprocessing = 0;
		};
		8BFD10822C11ADB7009DE574 /* Sources */ = {
			isa = PBXSourcesBuildPhase;
			buildActionMask = 2147483647;
			files = (
				8BFD108D2C11ADB7009DE574 /* nuvolarUITestsLaunchTests.swift in Sources */,
				8BFD108B2C11ADB7009DE574 /* nuvolarUITests.swift in Sources */,
			);
			runOnlyForDeploymentPostprocessing = 0;
		};
/* End PBXSourcesBuildPhase section */

/* Begin PBXTargetDependency section */
		8BFD107E2C11ADB7009DE574 /* PBXTargetDependency */ = {
			isa = PBXTargetDependency;
			target = 8BFD10652C11ADB5009DE574 /* nuvolar */;
			targetProxy = 8BFD107D2C11ADB7009DE574 /* PBXContainerItemProxy */;
		};
		8BFD10882C11ADB7009DE574 /* PBXTargetDependency */ = {
			isa = PBXTargetDependency;
			target = 8BFD10652C11ADB5009DE574 /* nuvolar */;
			targetProxy = 8BFD10872C11ADB7009DE574 /* PBXContainerItemProxy */;
		};
/* End PBXTargetDependency section */

/* Begin PBXVariantGroup section */
		8BFD106F2C11ADB5009DE574 /* Main.storyboard */ = {
			isa = PBXVariantGroup;
			children = (
				8BFD10702C11ADB5009DE574 /* Base */,
			);
			name = Main.storyboard;
			sourceTree = "<group>";
		};
		8BFD10742C11ADB7009DE574 /* LaunchScreen.storyboard */ = {
			isa = PBXVariantGroup;
			children = (
				8BFD10752C11ADB7009DE574 /* Base */,
			);
			name = LaunchScreen.storyboard;
			sourceTree = "<group>";
		};
/* End PBXVariantGroup section */

/* Begin XCBuildConfiguration section */
		8BFD108E2C11ADB7009DE574 /* Debug */ = {
			isa = XCBuildConfiguration;
			buildSettings = {
				ALWAYS_SEARCH_USER_PATHS = NO;
				ASSETCATALOG_COMPILER_GENERATE_SWIFT_ASSET_SYMBOL_EXTENSIONS = YES;
				CLANG_ANALYZER_NONNULL = YES;
				CLANG_ANALYZER_NUMBER_OBJECT_CONVERSION = YES_AGGRESSIVE;
				CLANG_CXX_LANGUAGE_STANDARD = "gnu++20";
				CLANG_ENABLE_MODULES = YES;
				CLANG_ENABLE_OBJC_ARC = YES;
				CLANG_ENABLE_OBJC_WEAK = YES;
				CLANG_WARN_BLOCK_CAPTURE_AUTORELEASING = YES;
				CLANG_WARN_BOOL_CONVERSION = YES;
				CLANG_WARN_COMMA = YES;
				CLANG_WARN_CONSTANT_CONVERSION = YES;
				CLANG_WARN_DEPRECATED_OBJC_IMPLEMENTATIONS = YES;
				CLANG_WARN_DIRECT_OBJC_ISA_USAGE = YES_ERROR;
				CLANG_WARN_DOCUMENTATION_COMMENTS = YES;
				CLANG_WARN_EMPTY_BODY = YES;
				CLANG_WARN_ENUM_CONVERSION = YES;
				CLANG_WARN_INFINITE_RECURSION = YES;
				CLANG_WARN_INT_CONVERSION = YES;
				CLANG_WARN_NON_LITERAL_NULL_CONVERSION = YES;
				CLANG_WARN_OBJC_IMPLICIT_RETAIN_SELF = YES;
				CLANG_WARN_OBJC_LITERAL_CONVERSION = YES;
				CLANG_WARN_OBJC_ROOT_CLASS = YES_ERROR;
				CLANG_WARN_QUOTED_INCLUDE_IN_FRAMEWORK_HEADER = YES;
				CLANG_WARN_RANGE_LOOP_ANALYSIS = YES;
				CLANG_WARN_STRICT_PROTOTYPES = YES;
				CLANG_WARN_SUSPICIOUS_MOVE = YES;
				CLANG_WARN_UNGUARDED_AVAILABILITY = YES_AGGRESSIVE;
				CLANG_WARN_UNREACHABLE_CODE = YES;
				CLANG_WARN__DUPLICATE_METHOD_MATCH = YES;
				COPY_PHASE_STRIP = NO;
				DEBUG_INFORMATION_FORMAT = dwarf;
				ENABLE_STRICT_OBJC_MSGSEND = YES;
				ENABLE_TESTABILITY = YES;
				ENABLE_USER_SCRIPT_SANDBOXING = YES;
				GCC_C_LANGUAGE_STANDARD = gnu17;
				GCC_DYNAMIC_NO_PIC = NO;
				GCC_NO_COMMON_BLOCKS = YES;
				GCC_OPTIMIZATION_LEVEL = 0;
				GCC_PREPROCESSOR_DEFINITIONS = (
					"DEBUG=1",
					"$(inherited)",
				);
				GCC_WARN_64_TO_32_BIT_CONVERSION = YES;
				GCC_WARN_ABOUT_RETURN_TYPE = YES_ERROR;
				GCC_WARN_UNDECLARED_SELECTOR = YES;
				GCC_WARN_UNINITIALIZED_AUTOS = YES_AGGRESSIVE;
				GCC_WARN_UNUSED_FUNCTION = YES;
				GCC_WARN_UNUSED_VARIABLE = YES;
				IPHONEOS_DEPLOYMENT_TARGET = 17.4;
				LOCALIZATION_PREFERS_STRING_CATALOGS = YES;
				MTL_ENABLE_DEBUG_INFO = INCLUDE_SOURCE;
				MTL_FAST_MATH = YES;
				ONLY_ACTIVE_ARCH = YES;
				SDKROOT = iphoneos;
				SWIFT_ACTIVE_COMPILATION_CONDITIONS = "DEBUG $(inherited)";
				SWIFT_OPTIMIZATION_LEVEL = "-Onone";
			};
			name = Debug;
		};
		8BFD108F2C11ADB7009DE574 /* Release */ = {
			isa = XCBuildConfiguration;
			buildSettings = {
				ALWAYS_SEARCH_USER_PATHS = NO;
				ASSETCATALOG_COMPILER_GENERATE_SWIFT_ASSET_SYMBOL_EXTENSIONS = YES;
				CLANG_ANALYZER_NONNULL = YES;
				CLANG_ANALYZER_NUMBER_OBJECT_CONVERSION = YES_AGGRESSIVE;
				CLANG_CXX_LANGUAGE_STANDARD = "gnu++20";
				CLANG_ENABLE_MODULES = YES;
				CLANG_ENABLE_OBJC_ARC = YES;
				CLANG_ENABLE_OBJC_WEAK = YES;
				CLANG_WARN_BLOCK_CAPTURE_AUTORELEASING = YES;
				CLANG_WARN_BOOL_CONVERSION = YES;
				CLANG_WARN_COMMA = YES;
				CLANG_WARN_CONSTANT_CONVERSION = YES;
				CLANG_WARN_DEPRECATED_OBJC_IMPLEMENTATIONS = YES;
				CLANG_WARN_DIRECT_OBJC_ISA_USAGE = YES_ERROR;
				CLANG_WARN_DOCUMENTATION_COMMENTS = YES;
				CLANG_WARN_EMPTY_BODY = YES;
				CLANG_WARN_ENUM_CONVERSION = YES;
				CLANG_WARN_INFINITE_RECURSION = YES;
				CLANG_WARN_INT_CONVERSION = YES;
				CLANG_WARN_NON_LITERAL_NULL_CONVERSION = YES;
				CLANG_WARN_OBJC_IMPLICIT_RETAIN_SELF = YES;
				CLANG_WARN_OBJC_LITERAL_CONVERSION = YES;
				CLANG_WARN_OBJC_ROOT_CLASS = YES_ERROR;
				CLANG_WARN_QUOTED_INCLUDE_IN_FRAMEWORK_HEADER = YES;
				CLANG_WARN_RANGE_LOOP_ANALYSIS = YES;
				CLANG_WARN_STRICT_PROTOTYPES = YES;
				CLANG_WARN_SUSPICIOUS_MOVE = YES;
				CLANG_WARN_UNGUARDED_AVAILABILITY = YES_AGGRESSIVE;
				CLANG_WARN_UNREACHABLE_CODE = YES;
				CLANG_WARN__DUPLICATE_METHOD_MATCH = YES;
				COPY_PHASE_STRIP = NO;
				DEBUG_INFORMATION_FORMAT = "dwarf-with-dsym";
				ENABLE_NS_ASSERTIONS = NO;
				ENABLE_STRICT_OBJC_MSGSEND = YES;
				ENABLE_USER_SCRIPT_SANDBOXING = YES;
				GCC_C_LANGUAGE_STANDARD = gnu17;
				GCC_NO_COMMON_BLOCKS = YES;
				GCC_WARN_64_TO_32_BIT_CONVERSION = YES;
				GCC_WARN_ABOUT_RETURN_TYPE = YES_ERROR;
				GCC_WARN_UNDECLARED_SELECTOR = YES;
				GCC_WARN_UNINITIALIZED_AUTOS = YES_AGGRESSIVE;
				GCC_WARN_UNUSED_FUNCTION = YES;
				GCC_WARN_UNUSED_VARIABLE = YES;
				IPHONEOS_DEPLOYMENT_TARGET = 17.4;
				LOCALIZATION_PREFERS_STRING_CATALOGS = YES;
				MTL_ENABLE_DEBUG_INFO = NO;
				MTL_FAST_MATH = YES;
				SDKROOT = iphoneos;
				SWIFT_COMPILATION_MODE = wholemodule;
				VALIDATE_PRODUCT = YES;
			};
			name = Release;
		};
		8BFD10912C11ADB7009DE574 /* Debug */ = {
			isa = XCBuildConfiguration;
			buildSettings = {
				ASSETCATALOG_COMPILER_APPICON_NAME = AppIcon;
				ASSETCATALOG_COMPILER_GLOBAL_ACCENT_COLOR_NAME = AccentColor;
				CODE_SIGN_STYLE = Automatic;
				CURRENT_PROJECT_VERSION = 1;
				DEVELOPMENT_TEAM = Q88WS7U793;
				GENERATE_INFOPLIST_FILE = YES;
				INFOPLIST_FILE = nuvolar/Info.plist;
				INFOPLIST_KEY_UIApplicationSupportsIndirectInputEvents = YES;
				INFOPLIST_KEY_UILaunchStoryboardName = LaunchScreen;
				INFOPLIST_KEY_UIMainStoryboardFile = Main;
				INFOPLIST_KEY_UISupportedInterfaceOrientations_iPad = "UIInterfaceOrientationPortrait UIInterfaceOrientationPortraitUpsideDown UIInterfaceOrientationLandscapeLeft UIInterfaceOrientationLandscapeRight";
				INFOPLIST_KEY_UISupportedInterfaceOrientations_iPhone = "UIInterfaceOrientationPortrait UIInterfaceOrientationLandscapeLeft UIInterfaceOrientationLandscapeRight";
				LD_RUNPATH_SEARCH_PATHS = (
					"$(inherited)",
					"@executable_path/Frameworks",
				);
				MARKETING_VERSION = 1.0;
				PRODUCT_BUNDLE_IDENTIFIER = com.nuvolar.ulad.nuvolar;
				PRODUCT_NAME = "$(TARGET_NAME)";
				SWIFT_EMIT_LOC_STRINGS = YES;
				SWIFT_VERSION = 5.0;
				TARGETED_DEVICE_FAMILY = "1,2";
			};
			name = Debug;
		};
		8BFD10922C11ADB7009DE574 /* Release */ = {
			isa = XCBuildConfiguration;
			buildSettings = {
				ASSETCATALOG_COMPILER_APPICON_NAME = AppIcon;
				ASSETCATALOG_COMPILER_GLOBAL_ACCENT_COLOR_NAME = AccentColor;
				CODE_SIGN_STYLE = Automatic;
				CURRENT_PROJECT_VERSION = 1;
				DEVELOPMENT_TEAM = Q88WS7U793;
				GENERATE_INFOPLIST_FILE = YES;
				INFOPLIST_FILE = nuvolar/Info.plist;
				INFOPLIST_KEY_UIApplicationSupportsIndirectInputEvents = YES;
				INFOPLIST_KEY_UILaunchStoryboardName = LaunchScreen;
				INFOPLIST_KEY_UIMainStoryboardFile = Main;
				INFOPLIST_KEY_UISupportedInterfaceOrientations_iPad = "UIInterfaceOrientationPortrait UIInterfaceOrientationPortraitUpsideDown UIInterfaceOrientationLandscapeLeft UIInterfaceOrientationLandscapeRight";
				INFOPLIST_KEY_UISupportedInterfaceOrientations_iPhone = "UIInterfaceOrientationPortrait UIInterfaceOrientationLandscapeLeft UIInterfaceOrientationLandscapeRight";
				LD_RUNPATH_SEARCH_PATHS = (
					"$(inherited)",
					"@executable_path/Frameworks",
				);
				MARKETING_VERSION = 1.0;
				PRODUCT_BUNDLE_IDENTIFIER = com.nuvolar.ulad.nuvolar;
				PRODUCT_NAME = "$(TARGET_NAME)";
				SWIFT_EMIT_LOC_STRINGS = YES;
				SWIFT_VERSION = 5.0;
				TARGETED_DEVICE_FAMILY = "1,2";
			};
			name = Release;
		};
		8BFD10942C11ADB7009DE574 /* Debug */ = {
			isa = XCBuildConfiguration;
			buildSettings = {
				ALWAYS_EMBED_SWIFT_STANDARD_LIBRARIES = YES;
				BUNDLE_LOADER = "$(TEST_HOST)";
				CODE_SIGN_STYLE = Automatic;
				CURRENT_PROJECT_VERSION = 1;
				DEVELOPMENT_TEAM = Q88WS7U793;
				GENERATE_INFOPLIST_FILE = YES;
				IPHONEOS_DEPLOYMENT_TARGET = 17.4;
				MARKETING_VERSION = 1.0;
				PRODUCT_BUNDLE_IDENTIFIER = com.nuvolar.ulad.nuvolarTests;
				PRODUCT_NAME = "$(TARGET_NAME)";
				SWIFT_EMIT_LOC_STRINGS = NO;
				SWIFT_VERSION = 5.0;
				TARGETED_DEVICE_FAMILY = "1,2";
				TEST_HOST = "$(BUILT_PRODUCTS_DIR)/nuvolar.app/$(BUNDLE_EXECUTABLE_FOLDER_PATH)/nuvolar";
			};
			name = Debug;
		};
		8BFD10952C11ADB7009DE574 /* Release */ = {
			isa = XCBuildConfiguration;
			buildSettings = {
				ALWAYS_EMBED_SWIFT_STANDARD_LIBRARIES = YES;
				BUNDLE_LOADER = "$(TEST_HOST)";
				CODE_SIGN_STYLE = Automatic;
				CURRENT_PROJECT_VERSION = 1;
				DEVELOPMENT_TEAM = Q88WS7U793;
				GENERATE_INFOPLIST_FILE = YES;
				IPHONEOS_DEPLOYMENT_TARGET = 17.4;
				MARKETING_VERSION = 1.0;
				PRODUCT_BUNDLE_IDENTIFIER = com.nuvolar.ulad.nuvolarTests;
				PRODUCT_NAME = "$(TARGET_NAME)";
				SWIFT_EMIT_LOC_STRINGS = NO;
				SWIFT_VERSION = 5.0;
				TARGETED_DEVICE_FAMILY = "1,2";
				TEST_HOST = "$(BUILT_PRODUCTS_DIR)/nuvolar.app/$(BUNDLE_EXECUTABLE_FOLDER_PATH)/nuvolar";
			};
			name = Release;
		};
		8BFD10972C11ADB7009DE574 /* Debug */ = {
			isa = XCBuildConfiguration;
			buildSettings = {
				ALWAYS_EMBED_SWIFT_STANDARD_LIBRARIES = YES;
				CODE_SIGN_STYLE = Automatic;
				CURRENT_PROJECT_VERSION = 1;
				DEVELOPMENT_TEAM = Q88WS7U793;
				GENERATE_INFOPLIST_FILE = YES;
				MARKETING_VERSION = 1.0;
				PRODUCT_BUNDLE_IDENTIFIER = com.nuvolar.ulad.nuvolarUITests;
				PRODUCT_NAME = "$(TARGET_NAME)";
				SWIFT_EMIT_LOC_STRINGS = NO;
				SWIFT_VERSION = 5.0;
				TARGETED_DEVICE_FAMILY = "1,2";
				TEST_TARGET_NAME = nuvolar;
			};
			name = Debug;
		};
		8BFD10982C11ADB7009DE574 /* Release */ = {
			isa = XCBuildConfiguration;
			buildSettings = {
				ALWAYS_EMBED_SWIFT_STANDARD_LIBRARIES = YES;
				CODE_SIGN_STYLE = Automatic;
				CURRENT_PROJECT_VERSION = 1;
				DEVELOPMENT_TEAM = Q88WS7U793;
				GENERATE_INFOPLIST_FILE = YES;
				MARKETING_VERSION = 1.0;
				PRODUCT_BUNDLE_IDENTIFIER = com.nuvolar.ulad.nuvolarUITests;
				PRODUCT_NAME = "$(TARGET_NAME)";
				SWIFT_EMIT_LOC_STRINGS = NO;
				SWIFT_VERSION = 5.0;
				TARGETED_DEVICE_FAMILY = "1,2";
				TEST_TARGET_NAME = nuvolar;
			};
			name = Release;
		};
/* End XCBuildConfiguration section */

/* Begin XCConfigurationList section */
		8BFD10612C11ADB5009DE574 /* Build configuration list for PBXProject "nuvolar" */ = {
			isa = XCConfigurationList;
			buildConfigurations = (
				8BFD108E2C11ADB7009DE574 /* Debug */,
				8BFD108F2C11ADB7009DE574 /* Release */,
			);
			defaultConfigurationIsVisible = 0;
			defaultConfigurationName = Release;
		};
		8BFD10902C11ADB7009DE574 /* Build configuration list for PBXNativeTarget "nuvolar" */ = {
			isa = XCConfigurationList;
			buildConfigurations = (
				8BFD10912C11ADB7009DE574 /* Debug */,
				8BFD10922C11ADB7009DE574 /* Release */,
			);
			defaultConfigurationIsVisible = 0;
			defaultConfigurationName = Release;
		};
		8BFD10932C11ADB7009DE574 /* Build configuration list for PBXNativeTarget "nuvolarTests" */ = {
			isa = XCConfigurationList;
			buildConfigurations = (
				8BFD10942C11ADB7009DE574 /* Debug */,
				8BFD10952C11ADB7009DE574 /* Release */,
			);
			defaultConfigurationIsVisible = 0;
			defaultConfigurationName = Release;
		};
		8BFD10962C11ADB7009DE574 /* Build configuration list for PBXNativeTarget "nuvolarUITests" */ = {
			isa = XCConfigurationList;
			buildConfigurations = (
				8BFD10972C11ADB7009DE574 /* Debug */,
				8BFD10982C11ADB7009DE574 /* Release */,
			);
			defaultConfigurationIsVisible = 0;
			defaultConfigurationName = Release;
		};
/* End XCConfigurationList section */
	};
	rootObject = 8BFD105E2C11ADB5009DE574 /* Project object */;
}
