// !$*UTF8*$!
{
	archiveVersion = 1;
	classes = {
	};
	objectVersion = 56;
	objects = {

/* Begin PBXBuildFile section */
		8B00B88C2C143FC30063275C /* Subviews+Ex.swift in Sources */ = {isa = PBXBuildFile; fileRef = 8B00B88B2C143FC30063275C /* Subviews+Ex.swift */; };
		8B00B88E2C15DCBF0063275C /* DetailedSearchUserViewModel.swift in Sources */ = {isa = PBXBuildFile; fileRef = 8B00B88D2C15DCBF0063275C /* DetailedSearchUserViewModel.swift */; };
		8B00B8902C15DD0A0063275C /* DetailedSearchUser.swift in Sources */ = {isa = PBXBuildFile; fileRef = 8B00B88F2C15DD0A0063275C /* DetailedSearchUser.swift */; };
		8B00B8922C15F8690063275C /* GitHubUserFollowersModel+Domain.swift in Sources */ = {isa = PBXBuildFile; fileRef = 8B00B8912C15F8690063275C /* GitHubUserFollowersModel+Domain.swift */; };
		8B00B8942C1604590063275C /* GitHubUserFollowingModel.swift in Sources */ = {isa = PBXBuildFile; fileRef = 8B00B8932C1604590063275C /* GitHubUserFollowingModel.swift */; };
		8B00B8962C16049E0063275C /* GitHubUserFollowingModel+Domain.swift in Sources */ = {isa = PBXBuildFile; fileRef = 8B00B8952C16049E0063275C /* GitHubUserFollowingModel+Domain.swift */; };
		8B629A632C16CA7D0028B55D /* MainSearchViewModelTests.swift in Sources */ = {isa = PBXBuildFile; fileRef = 8B629A622C16CA7D0028B55D /* MainSearchViewModelTests.swift */; };
		8B629A662C16CAFC0028B55D /* GitHubUseItemMock.swift in Sources */ = {isa = PBXBuildFile; fileRef = 8B629A652C16CAFC0028B55D /* GitHubUseItemMock.swift */; };
		8B629A682C16CC340028B55D /* MockNetService.swift in Sources */ = {isa = PBXBuildFile; fileRef = 8B629A672C16CC340028B55D /* MockNetService.swift */; };
		8B629A6B2C16CCC30028B55D /* ViewModel+Ex.swift in Sources */ = {isa = PBXBuildFile; fileRef = 8B629A6A2C16CCC30028B55D /* ViewModel+Ex.swift */; };
		8B629A6D2C16EC850028B55D /* DetailedSearchUserViewModelTests.swift in Sources */ = {isa = PBXBuildFile; fileRef = 8B629A6C2C16EC850028B55D /* DetailedSearchUserViewModelTests.swift */; };
		8B91720E2C1612A000CC9B80 /* String+withoutCurlyBraces.swift in Sources */ = {isa = PBXBuildFile; fileRef = 8B91720D2C1612A000CC9B80 /* String+withoutCurlyBraces.swift */; };
		8B9172102C16144500CC9B80 /* GitHubUserReposModel.swift in Sources */ = {isa = PBXBuildFile; fileRef = 8B91720F2C16144500CC9B80 /* GitHubUserReposModel.swift */; };
		8B9172122C16149F00CC9B80 /* GitHubUserReposModel+Domain.swift in Sources */ = {isa = PBXBuildFile; fileRef = 8B9172112C16149F00CC9B80 /* GitHubUserReposModel+Domain.swift */; };
		8B9172152C161A8400CC9B80 /* GitHubUserInfoModel.swift in Sources */ = {isa = PBXBuildFile; fileRef = 8B9172142C161A8400CC9B80 /* GitHubUserInfoModel.swift */; };
		8B9172172C161BC900CC9B80 /* GitHubUserInfoModel+Domain.swift in Sources */ = {isa = PBXBuildFile; fileRef = 8B9172162C161BC900CC9B80 /* GitHubUserInfoModel+Domain.swift */; };
		8B9172192C161FE000CC9B80 /* String+Date.swift in Sources */ = {isa = PBXBuildFile; fileRef = 8B9172182C161FE000CC9B80 /* String+Date.swift */; };
		8B91721B2C162E5700CC9B80 /* DeviceType.swift in Sources */ = {isa = PBXBuildFile; fileRef = 8B91721A2C162E5700CC9B80 /* DeviceType.swift */; };
		8B91721E2C1630B300CC9B80 /* ImageLoader.swift in Sources */ = {isa = PBXBuildFile; fileRef = 8B91721D2C1630B300CC9B80 /* ImageLoader.swift */; };
		8B9172212C16426900CC9B80 /* AvatarCellViewModel.swift in Sources */ = {isa = PBXBuildFile; fileRef = 8B9172202C16426900CC9B80 /* AvatarCellViewModel.swift */; };
		8B9172242C164CA700CC9B80 /* ImageLoaderTests.swift in Sources */ = {isa = PBXBuildFile; fileRef = 8B9172232C164CA700CC9B80 /* ImageLoaderTests.swift */; };
		8BFD106A2C11ADB5009DE574 /* AppDelegate.swift in Sources */ = {isa = PBXBuildFile; fileRef = 8BFD10692C11ADB5009DE574 /* AppDelegate.swift */; };
		8BFD106C2C11ADB5009DE574 /* SceneDelegate.swift in Sources */ = {isa = PBXBuildFile; fileRef = 8BFD106B2C11ADB5009DE574 /* SceneDelegate.swift */; };
		8BFD106E2C11ADB5009DE574 /* MainSearchViewController.swift in Sources */ = {isa = PBXBuildFile; fileRef = 8BFD106D2C11ADB5009DE574 /* MainSearchViewController.swift */; };
		8BFD10732C11ADB7009DE574 /* Assets.xcassets in Resources */ = {isa = PBXBuildFile; fileRef = 8BFD10722C11ADB7009DE574 /* Assets.xcassets */; };
		8BFD10762C11ADB7009DE574 /* Base in Resources */ = {isa = PBXBuildFile; fileRef = 8BFD10752C11ADB7009DE574 /* Base */; };
		8BFD10A42C11B15B009DE574 /* MainSearchViewModel.swift in Sources */ = {isa = PBXBuildFile; fileRef = 8BFD10A32C11B15B009DE574 /* MainSearchViewModel.swift */; };
		8BFD10A82C11B1F0009DE574 /* ViewModel.swift in Sources */ = {isa = PBXBuildFile; fileRef = 8BFD10A72C11B1F0009DE574 /* ViewModel.swift */; };
		8BFD10AB2C11B22D009DE574 /* Net.swift in Sources */ = {isa = PBXBuildFile; fileRef = 8BFD10AA2C11B22D009DE574 /* Net.swift */; };
		8BFD10AE2C11B24B009DE574 /* Coordinator.swift in Sources */ = {isa = PBXBuildFile; fileRef = 8BFD10AD2C11B24B009DE574 /* Coordinator.swift */; };
		8BFD10B02C11B262009DE574 /* CoordinatorProtocol.swift in Sources */ = {isa = PBXBuildFile; fileRef = 8BFD10AF2C11B262009DE574 /* CoordinatorProtocol.swift */; };
		8BFD10B42C11B356009DE574 /* NavigationService.swift in Sources */ = {isa = PBXBuildFile; fileRef = 8BFD10B32C11B356009DE574 /* NavigationService.swift */; };
		8BFD10B72C11B9FD009DE574 /* Localizable.xcstrings in Resources */ = {isa = PBXBuildFile; fileRef = 8BFD10B62C11B9FD009DE574 /* Localizable.xcstrings */; };
		8BFD10BA2C11BD56009DE574 /* ConfigurableView.swift in Sources */ = {isa = PBXBuildFile; fileRef = 8BFD10B92C11BD56009DE574 /* ConfigurableView.swift */; };
		8BFD10BC2C11BDC4009DE574 /* BindingConfigurable.swift in Sources */ = {isa = PBXBuildFile; fileRef = 8BFD10BB2C11BDC4009DE574 /* BindingConfigurable.swift */; };
		8BFD10C12C11CCFC009DE574 /* MainSearchCoordinator.swift in Sources */ = {isa = PBXBuildFile; fileRef = 8BFD10C02C11CCFC009DE574 /* MainSearchCoordinator.swift */; };
		8BFD10C32C11CDF4009DE574 /* MainSearchModuleFactory.swift in Sources */ = {isa = PBXBuildFile; fileRef = 8BFD10C22C11CDF4009DE574 /* MainSearchModuleFactory.swift */; };
		8BFD10C52C11CEB0009DE574 /* MainSearchModels.swift in Sources */ = {isa = PBXBuildFile; fileRef = 8BFD10C42C11CEB0009DE574 /* MainSearchModels.swift */; };
		8BFD10C72C11D0C6009DE574 /* BaseViewController.swift in Sources */ = {isa = PBXBuildFile; fileRef = 8BFD10C62C11D0C6009DE574 /* BaseViewController.swift */; };
		8BFD10C92C11D2CF009DE574 /* AppCoordinator.swift in Sources */ = {isa = PBXBuildFile; fileRef = 8BFD10C82C11D2CF009DE574 /* AppCoordinator.swift */; };
		8BFD10CD2C11E603009DE574 /* AvatarCellConfiguration.swift in Sources */ = {isa = PBXBuildFile; fileRef = 8BFD10CC2C11E603009DE574 /* AvatarCellConfiguration.swift */; };
		8BFD10CF2C11E62F009DE574 /* AvatarCellContentView.swift in Sources */ = {isa = PBXBuildFile; fileRef = 8BFD10CE2C11E62F009DE574 /* AvatarCellContentView.swift */; };
		8BFD10D22C11FDA5009DE574 /* AvatarCell.swift in Sources */ = {isa = PBXBuildFile; fileRef = 8BFD10D12C11FDA5009DE574 /* AvatarCell.swift */; };
		8BFD10D52C11FF52009DE574 /* UserModel.swift in Sources */ = {isa = PBXBuildFile; fileRef = 8BFD10D42C11FF52009DE574 /* UserModel.swift */; };
		8BFD10D72C11FFB9009DE574 /* Cell+Identifier.swift in Sources */ = {isa = PBXBuildFile; fileRef = 8BFD10D62C11FFB9009DE574 /* Cell+Identifier.swift */; };
		8BFD10DA2C120068009DE574 /* CollectionView+Register.swift in Sources */ = {isa = PBXBuildFile; fileRef = 8BFD10D92C120068009DE574 /* CollectionView+Register.swift */; };
		8BFD10DE2C1215A1009DE574 /* NetAwaitService.swift in Sources */ = {isa = PBXBuildFile; fileRef = 8BFD10DD2C1215A1009DE574 /* NetAwaitService.swift */; };
		8BFD10E12C121654009DE574 /* RequestAndResponse.swift in Sources */ = {isa = PBXBuildFile; fileRef = 8BFD10E02C121654009DE574 /* RequestAndResponse.swift */; };
		8BFD10E52C12169E009DE574 /* RequestMethod.swift in Sources */ = {isa = PBXBuildFile; fileRef = 8BFD10E42C12169E009DE574 /* RequestMethod.swift */; };
		8BFD10E82C121717009DE574 /* Host.swift in Sources */ = {isa = PBXBuildFile; fileRef = 8BFD10E72C121717009DE574 /* Host.swift */; };
		8BFD10EA2C121901009DE574 /* Encodable+Dictionary.swift in Sources */ = {isa = PBXBuildFile; fileRef = 8BFD10E92C121901009DE574 /* Encodable+Dictionary.swift */; };
		8BFD10EC2C1219F5009DE574 /* GitHubUsersModel.swift in Sources */ = {isa = PBXBuildFile; fileRef = 8BFD10EB2C1219F5009DE574 /* GitHubUsersModel.swift */; };
		8BFD10EF2C134903009DE574 /* URLBuilder.swift in Sources */ = {isa = PBXBuildFile; fileRef = 8BFD10EE2C134903009DE574 /* URLBuilder.swift */; };
		8BFD10F22C134C75009DE574 /* NetworkErrors.swift in Sources */ = {isa = PBXBuildFile; fileRef = 8BFD10F12C134C75009DE574 /* NetworkErrors.swift */; };
		8BFD10F52C135AA0009DE574 /* GitHubUsersModel+Domain.swift in Sources */ = {isa = PBXBuildFile; fileRef = 8BFD10F42C135AA0009DE574 /* GitHubUsersModel+Domain.swift */; };
		8BFD10F82C135ACE009DE574 /* Domain.swift in Sources */ = {isa = PBXBuildFile; fileRef = 8BFD10F72C135ACE009DE574 /* Domain.swift */; };
		8BFD10FB2C13B941009DE574 /* GitHubUserFollowersModel.swift in Sources */ = {isa = PBXBuildFile; fileRef = 8BFD10FA2C13B941009DE574 /* GitHubUserFollowersModel.swift */; };
		8BFD10FD2C13BB9E009DE574 /* Array+Existance.swift in Sources */ = {isa = PBXBuildFile; fileRef = 8BFD10FC2C13BB9E009DE574 /* Array+Existance.swift */; };
		8BFD10FF2C13BC82009DE574 /* DetailedSearchUserViewController.swift in Sources */ = {isa = PBXBuildFile; fileRef = 8BFD10FE2C13BC82009DE574 /* DetailedSearchUserViewController.swift */; };
		8BFD11012C13C39D009DE574 /* ImageTextView.swift in Sources */ = {isa = PBXBuildFile; fileRef = 8BFD11002C13C39D009DE574 /* ImageTextView.swift */; };
		8BFD11032C13C4D4009DE574 /* InfoblockView.swift in Sources */ = {isa = PBXBuildFile; fileRef = 8BFD11022C13C4D4009DE574 /* InfoblockView.swift */; };
/* End PBXBuildFile section */

/* Begin PBXContainerItemProxy section */
		8BFD107D2C11ADB7009DE574 /* PBXContainerItemProxy */ = {
			isa = PBXContainerItemProxy;
			containerPortal = 8BFD105E2C11ADB5009DE574 /* Project object */;
			proxyType = 1;
			remoteGlobalIDString = 8BFD10652C11ADB5009DE574;
			remoteInfo = nuvolar;
		};
/* End PBXContainerItemProxy section */

/* Begin PBXFileReference section */
		8B00B88B2C143FC30063275C /* Subviews+Ex.swift */ = {isa = PBXFileReference; lastKnownFileType = sourcecode.swift; path = "Subviews+Ex.swift"; sourceTree = "<group>"; };
		8B00B88D2C15DCBF0063275C /* DetailedSearchUserViewModel.swift */ = {isa = PBXFileReference; lastKnownFileType = sourcecode.swift; path = DetailedSearchUserViewModel.swift; sourceTree = "<group>"; };
		8B00B88F2C15DD0A0063275C /* DetailedSearchUser.swift */ = {isa = PBXFileReference; lastKnownFileType = sourcecode.swift; path = DetailedSearchUser.swift; sourceTree = "<group>"; };
		8B00B8912C15F8690063275C /* GitHubUserFollowersModel+Domain.swift */ = {isa = PBXFileReference; lastKnownFileType = sourcecode.swift; path = "GitHubUserFollowersModel+Domain.swift"; sourceTree = "<group>"; };
		8B00B8932C1604590063275C /* GitHubUserFollowingModel.swift */ = {isa = PBXFileReference; lastKnownFileType = sourcecode.swift; path = GitHubUserFollowingModel.swift; sourceTree = "<group>"; };
		8B00B8952C16049E0063275C /* GitHubUserFollowingModel+Domain.swift */ = {isa = PBXFileReference; lastKnownFileType = sourcecode.swift; path = "GitHubUserFollowingModel+Domain.swift"; sourceTree = "<group>"; };
		8B629A622C16CA7D0028B55D /* MainSearchViewModelTests.swift */ = {isa = PBXFileReference; lastKnownFileType = sourcecode.swift; path = MainSearchViewModelTests.swift; sourceTree = "<group>"; };
		8B629A652C16CAFC0028B55D /* GitHubUseItemMock.swift */ = {isa = PBXFileReference; lastKnownFileType = sourcecode.swift; path = GitHubUseItemMock.swift; sourceTree = "<group>"; };
		8B629A672C16CC340028B55D /* MockNetService.swift */ = {isa = PBXFileReference; lastKnownFileType = sourcecode.swift; path = MockNetService.swift; sourceTree = "<group>"; };
		8B629A6A2C16CCC30028B55D /* ViewModel+Ex.swift */ = {isa = PBXFileReference; lastKnownFileType = sourcecode.swift; path = "ViewModel+Ex.swift"; sourceTree = "<group>"; };
		8B629A6C2C16EC850028B55D /* DetailedSearchUserViewModelTests.swift */ = {isa = PBXFileReference; lastKnownFileType = sourcecode.swift; path = DetailedSearchUserViewModelTests.swift; sourceTree = "<group>"; };
		8B91720D2C1612A000CC9B80 /* String+withoutCurlyBraces.swift */ = {isa = PBXFileReference; lastKnownFileType = sourcecode.swift; path = "String+withoutCurlyBraces.swift"; sourceTree = "<group>"; };
		8B91720F2C16144500CC9B80 /* GitHubUserReposModel.swift */ = {isa = PBXFileReference; lastKnownFileType = sourcecode.swift; path = GitHubUserReposModel.swift; sourceTree = "<group>"; };
		8B9172112C16149F00CC9B80 /* GitHubUserReposModel+Domain.swift */ = {isa = PBXFileReference; lastKnownFileType = sourcecode.swift; path = "GitHubUserReposModel+Domain.swift"; sourceTree = "<group>"; };
		8B9172142C161A8400CC9B80 /* GitHubUserInfoModel.swift */ = {isa = PBXFileReference; lastKnownFileType = sourcecode.swift; path = GitHubUserInfoModel.swift; sourceTree = "<group>"; };
		8B9172162C161BC900CC9B80 /* GitHubUserInfoModel+Domain.swift */ = {isa = PBXFileReference; lastKnownFileType = sourcecode.swift; path = "GitHubUserInfoModel+Domain.swift"; sourceTree = "<group>"; };
		8B9172182C161FE000CC9B80 /* String+Date.swift */ = {isa = PBXFileReference; lastKnownFileType = sourcecode.swift; path = "String+Date.swift"; sourceTree = "<group>"; };
		8B91721A2C162E5700CC9B80 /* DeviceType.swift */ = {isa = PBXFileReference; lastKnownFileType = sourcecode.swift; path = DeviceType.swift; sourceTree = "<group>"; };
		8B91721D2C1630B300CC9B80 /* ImageLoader.swift */ = {isa = PBXFileReference; lastKnownFileType = sourcecode.swift; path = ImageLoader.swift; sourceTree = "<group>"; };
		8B9172202C16426900CC9B80 /* AvatarCellViewModel.swift */ = {isa = PBXFileReference; lastKnownFileType = sourcecode.swift; path = AvatarCellViewModel.swift; sourceTree = "<group>"; };
		8B9172232C164CA700CC9B80 /* ImageLoaderTests.swift */ = {isa = PBXFileReference; lastKnownFileType = sourcecode.swift; path = ImageLoaderTests.swift; sourceTree = "<group>"; };
		8BFD10662C11ADB5009DE574 /* nuvolar.app */ = {isa = PBXFileReference; explicitFileType = wrapper.application; includeInIndex = 0; path = nuvolar.app; sourceTree = BUILT_PRODUCTS_DIR; };
		8BFD10692C11ADB5009DE574 /* AppDelegate.swift */ = {isa = PBXFileReference; lastKnownFileType = sourcecode.swift; path = AppDelegate.swift; sourceTree = "<group>"; };
		8BFD106B2C11ADB5009DE574 /* SceneDelegate.swift */ = {isa = PBXFileReference; lastKnownFileType = sourcecode.swift; path = SceneDelegate.swift; sourceTree = "<group>"; };
		8BFD106D2C11ADB5009DE574 /* MainSearchViewController.swift */ = {isa = PBXFileReference; lastKnownFileType = sourcecode.swift; path = MainSearchViewController.swift; sourceTree = "<group>"; };
		8BFD10722C11ADB7009DE574 /* Assets.xcassets */ = {isa = PBXFileReference; lastKnownFileType = folder.assetcatalog; path = Assets.xcassets; sourceTree = "<group>"; };
		8BFD10752C11ADB7009DE574 /* Base */ = {isa = PBXFileReference; lastKnownFileType = file.storyboard; name = Base; path = Base.lproj/LaunchScreen.storyboard; sourceTree = "<group>"; };
		8BFD10772C11ADB7009DE574 /* Info.plist */ = {isa = PBXFileReference; lastKnownFileType = text.plist.xml; path = Info.plist; sourceTree = "<group>"; };
		8BFD107C2C11ADB7009DE574 /* nuvolarTests.xctest */ = {isa = PBXFileReference; explicitFileType = wrapper.cfbundle; includeInIndex = 0; path = nuvolarTests.xctest; sourceTree = BUILT_PRODUCTS_DIR; };
		8BFD10A32C11B15B009DE574 /* MainSearchViewModel.swift */ = {isa = PBXFileReference; lastKnownFileType = sourcecode.swift; path = MainSearchViewModel.swift; sourceTree = "<group>"; };
		8BFD10A72C11B1F0009DE574 /* ViewModel.swift */ = {isa = PBXFileReference; lastKnownFileType = sourcecode.swift; path = ViewModel.swift; sourceTree = "<group>"; };
		8BFD10AA2C11B22D009DE574 /* Net.swift */ = {isa = PBXFileReference; lastKnownFileType = sourcecode.swift; path = Net.swift; sourceTree = "<group>"; };
		8BFD10AD2C11B24B009DE574 /* Coordinator.swift */ = {isa = PBXFileReference; lastKnownFileType = sourcecode.swift; path = Coordinator.swift; sourceTree = "<group>"; };
		8BFD10AF2C11B262009DE574 /* CoordinatorProtocol.swift */ = {isa = PBXFileReference; lastKnownFileType = sourcecode.swift; path = CoordinatorProtocol.swift; sourceTree = "<group>"; };
		8BFD10B32C11B356009DE574 /* NavigationService.swift */ = {isa = PBXFileReference; lastKnownFileType = sourcecode.swift; path = NavigationService.swift; sourceTree = "<group>"; };
		8BFD10B62C11B9FD009DE574 /* Localizable.xcstrings */ = {isa = PBXFileReference; lastKnownFileType = text.json.xcstrings; path = Localizable.xcstrings; sourceTree = "<group>"; };
		8BFD10B92C11BD56009DE574 /* ConfigurableView.swift */ = {isa = PBXFileReference; lastKnownFileType = sourcecode.swift; path = ConfigurableView.swift; sourceTree = "<group>"; };
		8BFD10BB2C11BDC4009DE574 /* BindingConfigurable.swift */ = {isa = PBXFileReference; lastKnownFileType = sourcecode.swift; path = BindingConfigurable.swift; sourceTree = "<group>"; };
		8BFD10C02C11CCFC009DE574 /* MainSearchCoordinator.swift */ = {isa = PBXFileReference; lastKnownFileType = sourcecode.swift; path = MainSearchCoordinator.swift; sourceTree = "<group>"; };
		8BFD10C22C11CDF4009DE574 /* MainSearchModuleFactory.swift */ = {isa = PBXFileReference; lastKnownFileType = sourcecode.swift; path = MainSearchModuleFactory.swift; sourceTree = "<group>"; };
		8BFD10C42C11CEB0009DE574 /* MainSearchModels.swift */ = {isa = PBXFileReference; lastKnownFileType = sourcecode.swift; path = MainSearchModels.swift; sourceTree = "<group>"; };
		8BFD10C62C11D0C6009DE574 /* BaseViewController.swift */ = {isa = PBXFileReference; lastKnownFileType = sourcecode.swift; path = BaseViewController.swift; sourceTree = "<group>"; };
		8BFD10C82C11D2CF009DE574 /* AppCoordinator.swift */ = {isa = PBXFileReference; lastKnownFileType = sourcecode.swift; path = AppCoordinator.swift; sourceTree = "<group>"; };
		8BFD10CC2C11E603009DE574 /* AvatarCellConfiguration.swift */ = {isa = PBXFileReference; lastKnownFileType = sourcecode.swift; path = AvatarCellConfiguration.swift; sourceTree = "<group>"; };
		8BFD10CE2C11E62F009DE574 /* AvatarCellContentView.swift */ = {isa = PBXFileReference; lastKnownFileType = sourcecode.swift; path = AvatarCellContentView.swift; sourceTree = "<group>"; };
		8BFD10D12C11FDA5009DE574 /* AvatarCell.swift */ = {isa = PBXFileReference; lastKnownFileType = sourcecode.swift; path = AvatarCell.swift; sourceTree = "<group>"; };
		8BFD10D42C11FF52009DE574 /* UserModel.swift */ = {isa = PBXFileReference; lastKnownFileType = sourcecode.swift; path = UserModel.swift; sourceTree = "<group>"; };
		8BFD10D62C11FFB9009DE574 /* Cell+Identifier.swift */ = {isa = PBXFileReference; lastKnownFileType = sourcecode.swift; path = "Cell+Identifier.swift"; sourceTree = "<group>"; };
		8BFD10D92C120068009DE574 /* CollectionView+Register.swift */ = {isa = PBXFileReference; lastKnownFileType = sourcecode.swift; path = "CollectionView+Register.swift"; sourceTree = "<group>"; };
		8BFD10DD2C1215A1009DE574 /* NetAwaitService.swift */ = {isa = PBXFileReference; lastKnownFileType = sourcecode.swift; path = NetAwaitService.swift; sourceTree = "<group>"; };
		8BFD10E02C121654009DE574 /* RequestAndResponse.swift */ = {isa = PBXFileReference; lastKnownFileType = sourcecode.swift; path = RequestAndResponse.swift; sourceTree = "<group>"; };
		8BFD10E42C12169E009DE574 /* RequestMethod.swift */ = {isa = PBXFileReference; lastKnownFileType = sourcecode.swift; path = RequestMethod.swift; sourceTree = "<group>"; };
		8BFD10E72C121717009DE574 /* Host.swift */ = {isa = PBXFileReference; lastKnownFileType = sourcecode.swift; path = Host.swift; sourceTree = "<group>"; };
		8BFD10E92C121901009DE574 /* Encodable+Dictionary.swift */ = {isa = PBXFileReference; lastKnownFileType = sourcecode.swift; path = "Encodable+Dictionary.swift"; sourceTree = "<group>"; };
		8BFD10EB2C1219F5009DE574 /* GitHubUsersModel.swift */ = {isa = PBXFileReference; lastKnownFileType = sourcecode.swift; path = GitHubUsersModel.swift; sourceTree = "<group>"; };
		8BFD10EE2C134903009DE574 /* URLBuilder.swift */ = {isa = PBXFileReference; lastKnownFileType = sourcecode.swift; path = URLBuilder.swift; sourceTree = "<group>"; };
		8BFD10F12C134C75009DE574 /* NetworkErrors.swift */ = {isa = PBXFileReference; lastKnownFileType = sourcecode.swift; path = NetworkErrors.swift; sourceTree = "<group>"; };
		8BFD10F42C135AA0009DE574 /* GitHubUsersModel+Domain.swift */ = {isa = PBXFileReference; lastKnownFileType = sourcecode.swift; path = "GitHubUsersModel+Domain.swift"; sourceTree = "<group>"; };
		8BFD10F72C135ACE009DE574 /* Domain.swift */ = {isa = PBXFileReference; lastKnownFileType = sourcecode.swift; path = Domain.swift; sourceTree = "<group>"; };
		8BFD10FA2C13B941009DE574 /* GitHubUserFollowersModel.swift */ = {isa = PBXFileReference; lastKnownFileType = sourcecode.swift; path = GitHubUserFollowersModel.swift; sourceTree = "<group>"; };
		8BFD10FC2C13BB9E009DE574 /* Array+Existance.swift */ = {isa = PBXFileReference; lastKnownFileType = sourcecode.swift; path = "Array+Existance.swift"; sourceTree = "<group>"; };
		8BFD10FE2C13BC82009DE574 /* DetailedSearchUserViewController.swift */ = {isa = PBXFileReference; lastKnownFileType = sourcecode.swift; path = DetailedSearchUserViewController.swift; sourceTree = "<group>"; };
		8BFD11002C13C39D009DE574 /* ImageTextView.swift */ = {isa = PBXFileReference; lastKnownFileType = sourcecode.swift; path = ImageTextView.swift; sourceTree = "<group>"; };
		8BFD11022C13C4D4009DE574 /* InfoblockView.swift */ = {isa = PBXFileReference; lastKnownFileType = sourcecode.swift; path = InfoblockView.swift; sourceTree = "<group>"; };
/* End PBXFileReference section */

/* Begin PBXFrameworksBuildPhase section */
		8BFD10632C11ADB5009DE574 /* Frameworks */ = {
			isa = PBXFrameworksBuildPhase;
			buildActionMask = 2147483647;
			files = (
			);
			runOnlyForDeploymentPostprocessing = 0;
		};
		8BFD10792C11ADB7009DE574 /* Frameworks */ = {
			isa = PBXFrameworksBuildPhase;
			buildActionMask = 2147483647;
			files = (
			);
			runOnlyForDeploymentPostprocessing = 0;
		};
/* End PBXFrameworksBuildPhase section */

/* Begin PBXGroup section */
		8B629A642C16CAE70028B55D /* Mocks */ = {
			isa = PBXGroup;
			children = (
				8B629A652C16CAFC0028B55D /* GitHubUseItemMock.swift */,
				8B629A672C16CC340028B55D /* MockNetService.swift */,
				8B629A6A2C16CCC30028B55D /* ViewModel+Ex.swift */,
			);
			path = Mocks;
			sourceTree = "<group>";
		};
		8B91721C2C1630AC00CC9B80 /* Caching */ = {
			isa = PBXGroup;
			children = (
				8B91721D2C1630B300CC9B80 /* ImageLoader.swift */,
			);
			path = Caching;
			sourceTree = "<group>";
		};
		8B91721F2C16426100CC9B80 /* ViewModel */ = {
			isa = PBXGroup;
			children = (
				8B9172202C16426900CC9B80 /* AvatarCellViewModel.swift */,
			);
			path = ViewModel;
			sourceTree = "<group>";
		};
		8BFD105D2C11ADB5009DE574 = {
			isa = PBXGroup;
			children = (
				8BFD10682C11ADB5009DE574 /* nuvolar */,
				8BFD107F2C11ADB7009DE574 /* nuvolarTests */,
				8BFD10672C11ADB5009DE574 /* Products */,
			);
			sourceTree = "<group>";
		};
		8BFD10672C11ADB5009DE574 /* Products */ = {
			isa = PBXGroup;
			children = (
				8BFD10662C11ADB5009DE574 /* nuvolar.app */,
				8BFD107C2C11ADB7009DE574 /* nuvolarTests.xctest */,
			);
			name = Products;
			sourceTree = "<group>";
		};
		8BFD10682C11ADB5009DE574 /* nuvolar */ = {
			isa = PBXGroup;
			children = (
				8BFD109A2C11ADC6009DE574 /* Resources */,
				8BFD10992C11ADC2009DE574 /* Sources */,
			);
			path = nuvolar;
			sourceTree = "<group>";
		};
		8BFD107F2C11ADB7009DE574 /* nuvolarTests */ = {
			isa = PBXGroup;
			children = (
				8B629A642C16CAE70028B55D /* Mocks */,
				8B9172232C164CA700CC9B80 /* ImageLoaderTests.swift */,
				8B629A622C16CA7D0028B55D /* MainSearchViewModelTests.swift */,
				8B629A6C2C16EC850028B55D /* DetailedSearchUserViewModelTests.swift */,
			);
			path = nuvolarTests;
			sourceTree = "<group>";
		};
		8BFD10992C11ADC2009DE574 /* Sources */ = {
			isa = PBXGroup;
			children = (
				8BFD109F2C11B0E9009DE574 /* Modules */,
				8BFD109B2C11ADF9009DE574 /* Delegates */,
			);
			path = Sources;
			sourceTree = "<group>";
		};
		8BFD109A2C11ADC6009DE574 /* Resources */ = {
			isa = PBXGroup;
			children = (
				8BFD10F92C13B397009DE574 /* UI Elements */,
				8BFD10B52C11B9EA009DE574 /* Localization */,
				8BFD10AC2C11B245009DE574 /* Navigation */,
				8BFD10A62C11B1DD009DE574 /* Base VIewModels */,
				8BFD10A02C11B107009DE574 /* Base Controllers */,
				8BFD109E2C11B097009DE574 /* Managers */,
				8BFD109D2C11B087009DE574 /* Extensions */,
				8BFD10722C11ADB7009DE574 /* Assets.xcassets */,
				8BFD10772C11ADB7009DE574 /* Info.plist */,
			);
			path = Resources;
			sourceTree = "<group>";
		};
		8BFD109B2C11ADF9009DE574 /* Delegates */ = {
			isa = PBXGroup;
			children = (
				8BFD10692C11ADB5009DE574 /* AppDelegate.swift */,
				8BFD106B2C11ADB5009DE574 /* SceneDelegate.swift */,
			);
			path = Delegates;
			sourceTree = "<group>";
		};
		8BFD109C2C11AE53009DE574 /* SplashScreen */ = {
			isa = PBXGroup;
			children = (
				8BFD10742C11ADB7009DE574 /* LaunchScreen.storyboard */,
			);
			path = SplashScreen;
			sourceTree = "<group>";
		};
		8BFD109D2C11B087009DE574 /* Extensions */ = {
			isa = PBXGroup;
			children = (
				8BFD10BD2C11BDCF009DE574 /* Configurable */,
				8BFD10D62C11FFB9009DE574 /* Cell+Identifier.swift */,
				8BFD10D92C120068009DE574 /* CollectionView+Register.swift */,
				8BFD10E92C121901009DE574 /* Encodable+Dictionary.swift */,
				8BFD10FC2C13BB9E009DE574 /* Array+Existance.swift */,
				8B00B88B2C143FC30063275C /* Subviews+Ex.swift */,
				8B91720D2C1612A000CC9B80 /* String+withoutCurlyBraces.swift */,
				8B9172182C161FE000CC9B80 /* String+Date.swift */,
				8B91721A2C162E5700CC9B80 /* DeviceType.swift */,
			);
			path = Extensions;
			sourceTree = "<group>";
		};
		8BFD109E2C11B097009DE574 /* Managers */ = {
			isa = PBXGroup;
			children = (
				8B91721C2C1630AC00CC9B80 /* Caching */,
				8BFD10F62C135AB4009DE574 /* Domain */,
				8BFD10E22C121656009DE574 /* Models */,
				8BFD10A92C11B228009DE574 /* Network */,
			);
			path = Managers;
			sourceTree = "<group>";
		};
		8BFD109F2C11B0E9009DE574 /* Modules */ = {
			isa = PBXGroup;
			children = (
				8BFD10BE2C11CCD8009DE574 /* MainModule */,
				8BFD109C2C11AE53009DE574 /* SplashScreen */,
			);
			path = Modules;
			sourceTree = "<group>";
		};
		8BFD10A02C11B107009DE574 /* Base Controllers */ = {
			isa = PBXGroup;
			children = (
				8BFD10C62C11D0C6009DE574 /* BaseViewController.swift */,
			);
			path = "Base Controllers";
			sourceTree = "<group>";
		};
		8BFD10A12C11B139009DE574 /* MainSearchScreen */ = {
			isa = PBXGroup;
			children = (
				8BFD10D32C11FF4C009DE574 /* Models */,
				8BFD10CA2C11E5D5009DE574 /* Avatar Cell */,
				8BFD106D2C11ADB5009DE574 /* MainSearchViewController.swift */,
				8BFD10A32C11B15B009DE574 /* MainSearchViewModel.swift */,
				8BFD10C42C11CEB0009DE574 /* MainSearchModels.swift */,
			);
			path = MainSearchScreen;
			sourceTree = "<group>";
		};
		8BFD10A62C11B1DD009DE574 /* Base VIewModels */ = {
			isa = PBXGroup;
			children = (
				8BFD10A72C11B1F0009DE574 /* ViewModel.swift */,
			);
			path = "Base VIewModels";
			sourceTree = "<group>";
		};
		8BFD10A92C11B228009DE574 /* Network */ = {
			isa = PBXGroup;
			children = (
				8BFD10E32C121691009DE574 /* Requests */,
				8BFD10AA2C11B22D009DE574 /* Net.swift */,
				8BFD10DD2C1215A1009DE574 /* NetAwaitService.swift */,
			);
			path = Network;
			sourceTree = "<group>";
		};
		8BFD10AC2C11B245009DE574 /* Navigation */ = {
			isa = PBXGroup;
			children = (
				8BFD10B22C11B302009DE574 /* NavigationService */,
				8BFD10B12C11B2FF009DE574 /* Coordinator */,
			);
			path = Navigation;
			sourceTree = "<group>";
		};
		8BFD10B12C11B2FF009DE574 /* Coordinator */ = {
			isa = PBXGroup;
			children = (
				8BFD10AD2C11B24B009DE574 /* Coordinator.swift */,
				8BFD10AF2C11B262009DE574 /* CoordinatorProtocol.swift */,
				8BFD10C82C11D2CF009DE574 /* AppCoordinator.swift */,
			);
			path = Coordinator;
			sourceTree = "<group>";
		};
		8BFD10B22C11B302009DE574 /* NavigationService */ = {
			isa = PBXGroup;
			children = (
				8BFD10B32C11B356009DE574 /* NavigationService.swift */,
			);
			path = NavigationService;
			sourceTree = "<group>";
		};
		8BFD10B52C11B9EA009DE574 /* Localization */ = {
			isa = PBXGroup;
			children = (
				8BFD10B62C11B9FD009DE574 /* Localizable.xcstrings */,
			);
			path = Localization;
			sourceTree = "<group>";
		};
		8BFD10BD2C11BDCF009DE574 /* Configurable */ = {
			isa = PBXGroup;
			children = (
				8BFD10B92C11BD56009DE574 /* ConfigurableView.swift */,
				8BFD10BB2C11BDC4009DE574 /* BindingConfigurable.swift */,
			);
			path = Configurable;
			sourceTree = "<group>";
		};
		8BFD10BE2C11CCD8009DE574 /* MainModule */ = {
			isa = PBXGroup;
			children = (
				8BFD10A12C11B139009DE574 /* MainSearchScreen */,
				8BFD10BF2C11CCE6009DE574 /* DetailedSearchScreen */,
				8BFD10C02C11CCFC009DE574 /* MainSearchCoordinator.swift */,
				8BFD10C22C11CDF4009DE574 /* MainSearchModuleFactory.swift */,
			);
			path = MainModule;
			sourceTree = "<group>";
		};
		8BFD10BF2C11CCE6009DE574 /* DetailedSearchScreen */ = {
			isa = PBXGroup;
			children = (
				8BFD10FE2C13BC82009DE574 /* DetailedSearchUserViewController.swift */,
				8B00B88D2C15DCBF0063275C /* DetailedSearchUserViewModel.swift */,
				8B00B88F2C15DD0A0063275C /* DetailedSearchUser.swift */,
			);
			path = DetailedSearchScreen;
			sourceTree = "<group>";
		};
		8BFD10CA2C11E5D5009DE574 /* Avatar Cell */ = {
			isa = PBXGroup;
			children = (
				8B91721F2C16426100CC9B80 /* ViewModel */,
				8BFD10CC2C11E603009DE574 /* AvatarCellConfiguration.swift */,
				8BFD10CE2C11E62F009DE574 /* AvatarCellContentView.swift */,
				8BFD10D12C11FDA5009DE574 /* AvatarCell.swift */,
			);
			path = "Avatar Cell";
			sourceTree = "<group>";
		};
		8BFD10D32C11FF4C009DE574 /* Models */ = {
			isa = PBXGroup;
			children = (
				8BFD10D42C11FF52009DE574 /* UserModel.swift */,
			);
			path = Models;
			sourceTree = "<group>";
		};
		8BFD10E22C121656009DE574 /* Models */ = {
			isa = PBXGroup;
			children = (
				8BFD10F32C135A92009DE574 /* Domain */,
				8BFD10EB2C1219F5009DE574 /* GitHubUsersModel.swift */,
				8BFD10FA2C13B941009DE574 /* GitHubUserFollowersModel.swift */,
				8B00B8932C1604590063275C /* GitHubUserFollowingModel.swift */,
				8B91720F2C16144500CC9B80 /* GitHubUserReposModel.swift */,
				8B9172142C161A8400CC9B80 /* GitHubUserInfoModel.swift */,
			);
			path = Models;
			sourceTree = "<group>";
		};
		8BFD10E32C121691009DE574 /* Requests */ = {
			isa = PBXGroup;
			children = (
				8BFD10E02C121654009DE574 /* RequestAndResponse.swift */,
				8BFD10E42C12169E009DE574 /* RequestMethod.swift */,
				8BFD10E72C121717009DE574 /* Host.swift */,
				8BFD10EE2C134903009DE574 /* URLBuilder.swift */,
				8BFD10F12C134C75009DE574 /* NetworkErrors.swift */,
			);
			path = Requests;
			sourceTree = "<group>";
		};
		8BFD10F32C135A92009DE574 /* Domain */ = {
			isa = PBXGroup;
			children = (
				8BFD10F42C135AA0009DE574 /* GitHubUsersModel+Domain.swift */,
				8B00B8912C15F8690063275C /* GitHubUserFollowersModel+Domain.swift */,
				8B00B8952C16049E0063275C /* GitHubUserFollowingModel+Domain.swift */,
				8B9172112C16149F00CC9B80 /* GitHubUserReposModel+Domain.swift */,
				8B9172162C161BC900CC9B80 /* GitHubUserInfoModel+Domain.swift */,
			);
			path = Domain;
			sourceTree = "<group>";
		};
		8BFD10F62C135AB4009DE574 /* Domain */ = {
			isa = PBXGroup;
			children = (
				8BFD10F72C135ACE009DE574 /* Domain.swift */,
			);
			path = Domain;
			sourceTree = "<group>";
		};
		8BFD10F92C13B397009DE574 /* UI Elements */ = {
			isa = PBXGroup;
			children = (
				8BFD11002C13C39D009DE574 /* ImageTextView.swift */,
				8BFD11022C13C4D4009DE574 /* InfoblockView.swift */,
			);
			path = "UI Elements";
			sourceTree = "<group>";
		};
/* End PBXGroup section */

/* Begin PBXNativeTarget section */
		8BFD10652C11ADB5009DE574 /* nuvolar */ = {
			isa = PBXNativeTarget;
			buildConfigurationList = 8BFD10902C11ADB7009DE574 /* Build configuration list for PBXNativeTarget "nuvolar" */;
			buildPhases = (
				8BFD10622C11ADB5009DE574 /* Sources */,
				8BFD10632C11ADB5009DE574 /* Frameworks */,
				8BFD10642C11ADB5009DE574 /* Resources */,
			);
			buildRules = (
			);
			dependencies = (
			);
			name = nuvolar;
			productName = nuvolar;
			productReference = 8BFD10662C11ADB5009DE574 /* nuvolar.app */;
			productType = "com.apple.product-type.application";
		};
		8BFD107B2C11ADB7009DE574 /* nuvolarTests */ = {
			isa = PBXNativeTarget;
			buildConfigurationList = 8BFD10932C11ADB7009DE574 /* Build configuration list for PBXNativeTarget "nuvolarTests" */;
			buildPhases = (
				8BFD10782C11ADB7009DE574 /* Sources */,
				8BFD10792C11ADB7009DE574 /* Frameworks */,
				8BFD107A2C11ADB7009DE574 /* Resources */,
			);
			buildRules = (
			);
			dependencies = (
				8BFD107E2C11ADB7009DE574 /* PBXTargetDependency */,
			);
			name = nuvolarTests;
			productName = nuvolarTests;
			productReference = 8BFD107C2C11ADB7009DE574 /* nuvolarTests.xctest */;
			productType = "com.apple.product-type.bundle.unit-test";
		};
/* End PBXNativeTarget section */

/* Begin PBXProject section */
		8BFD105E2C11ADB5009DE574 /* Project object */ = {
			isa = PBXProject;
			attributes = {
				BuildIndependentTargetsInParallel = 1;
				LastSwiftUpdateCheck = 1530;
				LastUpgradeCheck = 1530;
				TargetAttributes = {
					8BFD10652C11ADB5009DE574 = {
						CreatedOnToolsVersion = 15.3;
					};
					8BFD107B2C11ADB7009DE574 = {
						CreatedOnToolsVersion = 15.3;
						TestTargetID = 8BFD10652C11ADB5009DE574;
					};
				};
			};
			buildConfigurationList = 8BFD10612C11ADB5009DE574 /* Build configuration list for PBXProject "nuvolar" */;
			compatibilityVersion = "Xcode 14.0";
			developmentRegion = en;
			hasScannedForEncodings = 0;
			knownRegions = (
				en,
				Base,
			);
			mainGroup = 8BFD105D2C11ADB5009DE574;
			packageReferences = (
			);
			productRefGroup = 8BFD10672C11ADB5009DE574 /* Products */;
			projectDirPath = "";
			projectRoot = "";
			targets = (
				8BFD10652C11ADB5009DE574 /* nuvolar */,
				8BFD107B2C11ADB7009DE574 /* nuvolarTests */,
			);
		};
/* End PBXProject section */

/* Begin PBXResourcesBuildPhase section */
		8BFD10642C11ADB5009DE574 /* Resources */ = {
			isa = PBXResourcesBuildPhase;
			buildActionMask = 2147483647;
			files = (
				8BFD10732C11ADB7009DE574 /* Assets.xcassets in Resources */,
				8BFD10762C11ADB7009DE574 /* Base in Resources */,
				8BFD10B72C11B9FD009DE574 /* Localizable.xcstrings in Resources */,
			);
			runOnlyForDeploymentPostprocessing = 0;
		};
		8BFD107A2C11ADB7009DE574 /* Resources */ = {
			isa = PBXResourcesBuildPhase;
			buildActionMask = 2147483647;
			files = (
			);
			runOnlyForDeploymentPostprocessing = 0;
		};
/* End PBXResourcesBuildPhase section */

/* Begin PBXSourcesBuildPhase section */
		8BFD10622C11ADB5009DE574 /* Sources */ = {
			isa = PBXSourcesBuildPhase;
			buildActionMask = 2147483647;
			files = (
				8BFD10E52C12169E009DE574 /* RequestMethod.swift in Sources */,
				8BFD10EF2C134903009DE574 /* URLBuilder.swift in Sources */,
				8BFD10EA2C121901009DE574 /* Encodable+Dictionary.swift in Sources */,
				8BFD10A82C11B1F0009DE574 /* ViewModel.swift in Sources */,
				8B9172152C161A8400CC9B80 /* GitHubUserInfoModel.swift in Sources */,
				8B00B8902C15DD0A0063275C /* DetailedSearchUser.swift in Sources */,
				8BFD10C12C11CCFC009DE574 /* MainSearchCoordinator.swift in Sources */,
				8BFD10FF2C13BC82009DE574 /* DetailedSearchUserViewController.swift in Sources */,
				8BFD10F52C135AA0009DE574 /* GitHubUsersModel+Domain.swift in Sources */,
				8BFD10B42C11B356009DE574 /* NavigationService.swift in Sources */,
				8BFD10DE2C1215A1009DE574 /* NetAwaitService.swift in Sources */,
				8BFD10AB2C11B22D009DE574 /* Net.swift in Sources */,
				8BFD10C92C11D2CF009DE574 /* AppCoordinator.swift in Sources */,
				8BFD10C32C11CDF4009DE574 /* MainSearchModuleFactory.swift in Sources */,
				8BFD10FB2C13B941009DE574 /* GitHubUserFollowersModel.swift in Sources */,
				8B00B8962C16049E0063275C /* GitHubUserFollowingModel+Domain.swift in Sources */,
				8BFD10FD2C13BB9E009DE574 /* Array+Existance.swift in Sources */,
				8BFD10C72C11D0C6009DE574 /* BaseViewController.swift in Sources */,
				8BFD10CD2C11E603009DE574 /* AvatarCellConfiguration.swift in Sources */,
				8B9172212C16426900CC9B80 /* AvatarCellViewModel.swift in Sources */,
				8BFD10B02C11B262009DE574 /* CoordinatorProtocol.swift in Sources */,
				8B91720E2C1612A000CC9B80 /* String+withoutCurlyBraces.swift in Sources */,
				8BFD106E2C11ADB5009DE574 /* MainSearchViewController.swift in Sources */,
				8BFD10BA2C11BD56009DE574 /* ConfigurableView.swift in Sources */,
				8BFD10D22C11FDA5009DE574 /* AvatarCell.swift in Sources */,
				8B9172122C16149F00CC9B80 /* GitHubUserReposModel+Domain.swift in Sources */,
				8B00B88E2C15DCBF0063275C /* DetailedSearchUserViewModel.swift in Sources */,
				8B9172172C161BC900CC9B80 /* GitHubUserInfoModel+Domain.swift in Sources */,
				8B00B8922C15F8690063275C /* GitHubUserFollowersModel+Domain.swift in Sources */,
				8B9172192C161FE000CC9B80 /* String+Date.swift in Sources */,
				8BFD106A2C11ADB5009DE574 /* AppDelegate.swift in Sources */,
				8BFD10F22C134C75009DE574 /* NetworkErrors.swift in Sources */,
				8BFD10E12C121654009DE574 /* RequestAndResponse.swift in Sources */,
				8BFD10DA2C120068009DE574 /* CollectionView+Register.swift in Sources */,
				8BFD10E82C121717009DE574 /* Host.swift in Sources */,
				8BFD106C2C11ADB5009DE574 /* SceneDelegate.swift in Sources */,
				8BFD10C52C11CEB0009DE574 /* MainSearchModels.swift in Sources */,
				8B91721E2C1630B300CC9B80 /* ImageLoader.swift in Sources */,
				8BFD10A42C11B15B009DE574 /* MainSearchViewModel.swift in Sources */,
				8BFD10CF2C11E62F009DE574 /* AvatarCellContentView.swift in Sources */,
				8BFD11032C13C4D4009DE574 /* InfoblockView.swift in Sources */,
				8B91721B2C162E5700CC9B80 /* DeviceType.swift in Sources */,
				8BFD10BC2C11BDC4009DE574 /* BindingConfigurable.swift in Sources */,
				8BFD10D52C11FF52009DE574 /* UserModel.swift in Sources */,
				8BFD10D72C11FFB9009DE574 /* Cell+Identifier.swift in Sources */,
				8BFD10AE2C11B24B009DE574 /* Coordinator.swift in Sources */,
				8B00B8942C1604590063275C /* GitHubUserFollowingModel.swift in Sources */,
				8B00B88C2C143FC30063275C /* Subviews+Ex.swift in Sources */,
				8B9172102C16144500CC9B80 /* GitHubUserReposModel.swift in Sources */,
				8BFD10EC2C1219F5009DE574 /* GitHubUsersModel.swift in Sources */,
				8BFD10F82C135ACE009DE574 /* Domain.swift in Sources */,
				8BFD11012C13C39D009DE574 /* ImageTextView.swift in Sources */,
			);
			runOnlyForDeploymentPostprocessing = 0;
		};
		8BFD10782C11ADB7009DE574 /* Sources */ = {
			isa = PBXSourcesBuildPhase;
			buildActionMask = 2147483647;
			files = (
				8B629A632C16CA7D0028B55D /* MainSearchViewModelTests.swift in Sources */,
				8B629A6B2C16CCC30028B55D /* ViewModel+Ex.swift in Sources */,
				8B629A682C16CC340028B55D /* MockNetService.swift in Sources */,
				8B629A6D2C16EC850028B55D /* DetailedSearchUserViewModelTests.swift in Sources */,
				8B9172242C164CA700CC9B80 /* ImageLoaderTests.swift in Sources */,
				8B629A662C16CAFC0028B55D /* GitHubUseItemMock.swift in Sources */,
			);
			runOnlyForDeploymentPostprocessing = 0;
		};
/* End PBXSourcesBuildPhase section */

/* Begin PBXTargetDependency section */
		8BFD107E2C11ADB7009DE574 /* PBXTargetDependency */ = {
			isa = PBXTargetDependency;
			target = 8BFD10652C11ADB5009DE574 /* nuvolar */;
			targetProxy = 8BFD107D2C11ADB7009DE574 /* PBXContainerItemProxy */;
		};
/* End PBXTargetDependency section */

/* Begin PBXVariantGroup section */
		8BFD10742C11ADB7009DE574 /* LaunchScreen.storyboard */ = {
			isa = PBXVariantGroup;
			children = (
				8BFD10752C11ADB7009DE574 /* Base */,
			);
			name = LaunchScreen.storyboard;
			sourceTree = "<group>";
		};
/* End PBXVariantGroup section */

/* Begin XCBuildConfiguration section */
		8BFD108E2C11ADB7009DE574 /* Debug */ = {
			isa = XCBuildConfiguration;
			buildSettings = {
				ALWAYS_SEARCH_USER_PATHS = NO;
				ASSETCATALOG_COMPILER_GENERATE_SWIFT_ASSET_SYMBOL_EXTENSIONS = YES;
				CLANG_ANALYZER_NONNULL = YES;
				CLANG_ANALYZER_NUMBER_OBJECT_CONVERSION = YES_AGGRESSIVE;
				CLANG_CXX_LANGUAGE_STANDARD = "gnu++20";
				CLANG_ENABLE_MODULES = YES;
				CLANG_ENABLE_OBJC_ARC = YES;
				CLANG_ENABLE_OBJC_WEAK = YES;
				CLANG_WARN_BLOCK_CAPTURE_AUTORELEASING = YES;
				CLANG_WARN_BOOL_CONVERSION = YES;
				CLANG_WARN_COMMA = YES;
				CLANG_WARN_CONSTANT_CONVERSION = YES;
				CLANG_WARN_DEPRECATED_OBJC_IMPLEMENTATIONS = YES;
				CLANG_WARN_DIRECT_OBJC_ISA_USAGE = YES_ERROR;
				CLANG_WARN_DOCUMENTATION_COMMENTS = YES;
				CLANG_WARN_EMPTY_BODY = YES;
				CLANG_WARN_ENUM_CONVERSION = YES;
				CLANG_WARN_INFINITE_RECURSION = YES;
				CLANG_WARN_INT_CONVERSION = YES;
				CLANG_WARN_NON_LITERAL_NULL_CONVERSION = YES;
				CLANG_WARN_OBJC_IMPLICIT_RETAIN_SELF = YES;
				CLANG_WARN_OBJC_LITERAL_CONVERSION = YES;
				CLANG_WARN_OBJC_ROOT_CLASS = YES_ERROR;
				CLANG_WARN_QUOTED_INCLUDE_IN_FRAMEWORK_HEADER = YES;
				CLANG_WARN_RANGE_LOOP_ANALYSIS = YES;
				CLANG_WARN_STRICT_PROTOTYPES = YES;
				CLANG_WARN_SUSPICIOUS_MOVE = YES;
				CLANG_WARN_UNGUARDED_AVAILABILITY = YES_AGGRESSIVE;
				CLANG_WARN_UNREACHABLE_CODE = YES;
				CLANG_WARN__DUPLICATE_METHOD_MATCH = YES;
				COPY_PHASE_STRIP = NO;
				DEBUG_INFORMATION_FORMAT = dwarf;
				ENABLE_STRICT_OBJC_MSGSEND = YES;
				ENABLE_TESTABILITY = YES;
				ENABLE_USER_SCRIPT_SANDBOXING = YES;
				GCC_C_LANGUAGE_STANDARD = gnu17;
				GCC_DYNAMIC_NO_PIC = NO;
				GCC_NO_COMMON_BLOCKS = YES;
				GCC_OPTIMIZATION_LEVEL = 0;
				GCC_PREPROCESSOR_DEFINITIONS = (
					"DEBUG=1",
					"$(inherited)",
				);
				GCC_WARN_64_TO_32_BIT_CONVERSION = YES;
				GCC_WARN_ABOUT_RETURN_TYPE = YES_ERROR;
				GCC_WARN_UNDECLARED_SELECTOR = YES;
				GCC_WARN_UNINITIALIZED_AUTOS = YES_AGGRESSIVE;
				GCC_WARN_UNUSED_FUNCTION = YES;
				GCC_WARN_UNUSED_VARIABLE = YES;
				IPHONEOS_DEPLOYMENT_TARGET = 17.4;
				LOCALIZATION_PREFERS_STRING_CATALOGS = YES;
				MTL_ENABLE_DEBUG_INFO = INCLUDE_SOURCE;
				MTL_FAST_MATH = YES;
				ONLY_ACTIVE_ARCH = YES;
				SDKROOT = iphoneos;
				SWIFT_ACTIVE_COMPILATION_CONDITIONS = "DEBUG $(inherited)";
				SWIFT_OPTIMIZATION_LEVEL = "-Onone";
			};
			name = Debug;
		};
		8BFD108F2C11ADB7009DE574 /* Release */ = {
			isa = XCBuildConfiguration;
			buildSettings = {
				ALWAYS_SEARCH_USER_PATHS = NO;
				ASSETCATALOG_COMPILER_GENERATE_SWIFT_ASSET_SYMBOL_EXTENSIONS = YES;
				CLANG_ANALYZER_NONNULL = YES;
				CLANG_ANALYZER_NUMBER_OBJECT_CONVERSION = YES_AGGRESSIVE;
				CLANG_CXX_LANGUAGE_STANDARD = "gnu++20";
				CLANG_ENABLE_MODULES = YES;
				CLANG_ENABLE_OBJC_ARC = YES;
				CLANG_ENABLE_OBJC_WEAK = YES;
				CLANG_WARN_BLOCK_CAPTURE_AUTORELEASING = YES;
				CLANG_WARN_BOOL_CONVERSION = YES;
				CLANG_WARN_COMMA = YES;
				CLANG_WARN_CONSTANT_CONVERSION = YES;
				CLANG_WARN_DEPRECATED_OBJC_IMPLEMENTATIONS = YES;
				CLANG_WARN_DIRECT_OBJC_ISA_USAGE = YES_ERROR;
				CLANG_WARN_DOCUMENTATION_COMMENTS = YES;
				CLANG_WARN_EMPTY_BODY = YES;
				CLANG_WARN_ENUM_CONVERSION = YES;
				CLANG_WARN_INFINITE_RECURSION = YES;
				CLANG_WARN_INT_CONVERSION = YES;
				CLANG_WARN_NON_LITERAL_NULL_CONVERSION = YES;
				CLANG_WARN_OBJC_IMPLICIT_RETAIN_SELF = YES;
				CLANG_WARN_OBJC_LITERAL_CONVERSION = YES;
				CLANG_WARN_OBJC_ROOT_CLASS = YES_ERROR;
				CLANG_WARN_QUOTED_INCLUDE_IN_FRAMEWORK_HEADER = YES;
				CLANG_WARN_RANGE_LOOP_ANALYSIS = YES;
				CLANG_WARN_STRICT_PROTOTYPES = YES;
				CLANG_WARN_SUSPICIOUS_MOVE = YES;
				CLANG_WARN_UNGUARDED_AVAILABILITY = YES_AGGRESSIVE;
				CLANG_WARN_UNREACHABLE_CODE = YES;
				CLANG_WARN__DUPLICATE_METHOD_MATCH = YES;
				COPY_PHASE_STRIP = NO;
				DEBUG_INFORMATION_FORMAT = "dwarf-with-dsym";
				ENABLE_NS_ASSERTIONS = NO;
				ENABLE_STRICT_OBJC_MSGSEND = YES;
				ENABLE_USER_SCRIPT_SANDBOXING = YES;
				GCC_C_LANGUAGE_STANDARD = gnu17;
				GCC_NO_COMMON_BLOCKS = YES;
				GCC_WARN_64_TO_32_BIT_CONVERSION = YES;
				GCC_WARN_ABOUT_RETURN_TYPE = YES_ERROR;
				GCC_WARN_UNDECLARED_SELECTOR = YES;
				GCC_WARN_UNINITIALIZED_AUTOS = YES_AGGRESSIVE;
				GCC_WARN_UNUSED_FUNCTION = YES;
				GCC_WARN_UNUSED_VARIABLE = YES;
				IPHONEOS_DEPLOYMENT_TARGET = 17.4;
				LOCALIZATION_PREFERS_STRING_CATALOGS = YES;
				MTL_ENABLE_DEBUG_INFO = NO;
				MTL_FAST_MATH = YES;
				SDKROOT = iphoneos;
				SWIFT_COMPILATION_MODE = wholemodule;
				VALIDATE_PRODUCT = YES;
			};
			name = Release;
		};
		8BFD10912C11ADB7009DE574 /* Debug */ = {
			isa = XCBuildConfiguration;
			buildSettings = {
				ASSETCATALOG_COMPILER_APPICON_NAME = AppIcon;
				ASSETCATALOG_COMPILER_GLOBAL_ACCENT_COLOR_NAME = AccentColor;
				CODE_SIGN_STYLE = Automatic;
				CURRENT_PROJECT_VERSION = 1;
				DEVELOPMENT_TEAM = Q88WS7U793;
				GENERATE_INFOPLIST_FILE = YES;
				INFOPLIST_FILE = nuvolar/Resources/Info.plist;
				INFOPLIST_KEY_UIApplicationSupportsIndirectInputEvents = YES;
				INFOPLIST_KEY_UILaunchStoryboardName = LaunchScreen;
				INFOPLIST_KEY_UISupportedInterfaceOrientations = "UIInterfaceOrientationLandscapeLeft UIInterfaceOrientationLandscapeRight UIInterfaceOrientationPortrait UIInterfaceOrientationPortraitUpsideDown";
				LD_RUNPATH_SEARCH_PATHS = (
					"$(inherited)",
					"@executable_path/Frameworks",
				);
				MARKETING_VERSION = 1.0;
				PRODUCT_BUNDLE_IDENTIFIER = com.nuvolar.ulad.nuvolar;
				PRODUCT_NAME = "$(TARGET_NAME)";
				SUPPORTED_PLATFORMS = "iphoneos iphonesimulator";
				SUPPORTS_MACCATALYST = NO;
				SUPPORTS_MAC_DESIGNED_FOR_IPHONE_IPAD = NO;
				SUPPORTS_XR_DESIGNED_FOR_IPHONE_IPAD = NO;
				SWIFT_EMIT_LOC_STRINGS = YES;
				SWIFT_VERSION = 5.0;
				TARGETED_DEVICE_FAMILY = "1,2";
			};
			name = Debug;
		};
		8BFD10922C11ADB7009DE574 /* Release */ = {
			isa = XCBuildConfiguration;
			buildSettings = {
				ASSETCATALOG_COMPILER_APPICON_NAME = AppIcon;
				ASSETCATALOG_COMPILER_GLOBAL_ACCENT_COLOR_NAME = AccentColor;
				CODE_SIGN_STYLE = Automatic;
				CURRENT_PROJECT_VERSION = 1;
				DEVELOPMENT_TEAM = Q88WS7U793;
				GENERATE_INFOPLIST_FILE = YES;
				INFOPLIST_FILE = nuvolar/Resources/Info.plist;
				INFOPLIST_KEY_UIApplicationSupportsIndirectInputEvents = YES;
				INFOPLIST_KEY_UILaunchStoryboardName = LaunchScreen;
				INFOPLIST_KEY_UISupportedInterfaceOrientations = "UIInterfaceOrientationLandscapeLeft UIInterfaceOrientationLandscapeRight UIInterfaceOrientationPortrait UIInterfaceOrientationPortraitUpsideDown";
				LD_RUNPATH_SEARCH_PATHS = (
					"$(inherited)",
					"@executable_path/Frameworks",
				);
				MARKETING_VERSION = 1.0;
				PRODUCT_BUNDLE_IDENTIFIER = com.nuvolar.ulad.nuvolar;
				PRODUCT_NAME = "$(TARGET_NAME)";
				SUPPORTED_PLATFORMS = "iphoneos iphonesimulator";
				SUPPORTS_MACCATALYST = NO;
				SUPPORTS_MAC_DESIGNED_FOR_IPHONE_IPAD = NO;
				SUPPORTS_XR_DESIGNED_FOR_IPHONE_IPAD = NO;
				SWIFT_EMIT_LOC_STRINGS = YES;
				SWIFT_VERSION = 5.0;
				TARGETED_DEVICE_FAMILY = "1,2";
			};
			name = Release;
		};
		8BFD10942C11ADB7009DE574 /* Debug */ = {
			isa = XCBuildConfiguration;
			buildSettings = {
				ALWAYS_EMBED_SWIFT_STANDARD_LIBRARIES = YES;
				BUNDLE_LOADER = "$(TEST_HOST)";
				CODE_SIGN_STYLE = Automatic;
				CURRENT_PROJECT_VERSION = 1;
				DEVELOPMENT_TEAM = Q88WS7U793;
				GENERATE_INFOPLIST_FILE = YES;
				IPHONEOS_DEPLOYMENT_TARGET = 17.4;
				MARKETING_VERSION = 1.0;
				PRODUCT_BUNDLE_IDENTIFIER = com.nuvolar.ulad.nuvolarTests;
				PRODUCT_NAME = "$(TARGET_NAME)";
				SWIFT_EMIT_LOC_STRINGS = NO;
				SWIFT_VERSION = 5.0;
				TARGETED_DEVICE_FAMILY = "1,2";
				TEST_HOST = "$(BUILT_PRODUCTS_DIR)/nuvolar.app/$(BUNDLE_EXECUTABLE_FOLDER_PATH)/nuvolar";
			};
			name = Debug;
		};
		8BFD10952C11ADB7009DE574 /* Release */ = {
			isa = XCBuildConfiguration;
			buildSettings = {
				ALWAYS_EMBED_SWIFT_STANDARD_LIBRARIES = YES;
				BUNDLE_LOADER = "$(TEST_HOST)";
				CODE_SIGN_STYLE = Automatic;
				CURRENT_PROJECT_VERSION = 1;
				DEVELOPMENT_TEAM = Q88WS7U793;
				GENERATE_INFOPLIST_FILE = YES;
				IPHONEOS_DEPLOYMENT_TARGET = 17.4;
				MARKETING_VERSION = 1.0;
				PRODUCT_BUNDLE_IDENTIFIER = com.nuvolar.ulad.nuvolarTests;
				PRODUCT_NAME = "$(TARGET_NAME)";
				SWIFT_EMIT_LOC_STRINGS = NO;
				SWIFT_VERSION = 5.0;
				TARGETED_DEVICE_FAMILY = "1,2";
				TEST_HOST = "$(BUILT_PRODUCTS_DIR)/nuvolar.app/$(BUNDLE_EXECUTABLE_FOLDER_PATH)/nuvolar";
			};
			name = Release;
		};
/* End XCBuildConfiguration section */

/* Begin XCConfigurationList section */
		8BFD10612C11ADB5009DE574 /* Build configuration list for PBXProject "nuvolar" */ = {
			isa = XCConfigurationList;
			buildConfigurations = (
				8BFD108E2C11ADB7009DE574 /* Debug */,
				8BFD108F2C11ADB7009DE574 /* Release */,
			);
			defaultConfigurationIsVisible = 0;
			defaultConfigurationName = Release;
		};
		8BFD10902C11ADB7009DE574 /* Build configuration list for PBXNativeTarget "nuvolar" */ = {
			isa = XCConfigurationList;
			buildConfigurations = (
				8BFD10912C11ADB7009DE574 /* Debug */,
				8BFD10922C11ADB7009DE574 /* Release */,
			);
			defaultConfigurationIsVisible = 0;
			defaultConfigurationName = Release;
		};
		8BFD10932C11ADB7009DE574 /* Build configuration list for PBXNativeTarget "nuvolarTests" */ = {
			isa = XCConfigurationList;
			buildConfigurations = (
				8BFD10942C11ADB7009DE574 /* Debug */,
				8BFD10952C11ADB7009DE574 /* Release */,
			);
			defaultConfigurationIsVisible = 0;
			defaultConfigurationName = Release;
		};
/* End XCConfigurationList section */
	};
	rootObject = 8BFD105E2C11ADB5009DE574 /* Project object */;
}
